// !$*UTF8*$!
{
	archiveVersion = 1;
	classes = {
	};
	objectVersion = 46;
	objects = {

/* Begin PBXBuildFile section */
		4F8C2B291AA3CAA7009B4723 /* AppDelegate.swift in Sources */ = {isa = PBXBuildFile; fileRef = 4F8C2B281AA3CAA7009B4723 /* AppDelegate.swift */; };
		4F8C2B2B1AA3CAA7009B4723 /* ViewController.swift in Sources */ = {isa = PBXBuildFile; fileRef = 4F8C2B2A1AA3CAA7009B4723 /* ViewController.swift */; };
		4F8C2B2E1AA3CAA7009B4723 /* Main.storyboard in Resources */ = {isa = PBXBuildFile; fileRef = 4F8C2B2C1AA3CAA7009B4723 /* Main.storyboard */; };
		4F8C2B301AA3CAA7009B4723 /* Images.xcassets in Resources */ = {isa = PBXBuildFile; fileRef = 4F8C2B2F1AA3CAA7009B4723 /* Images.xcassets */; };
		4F8C2B331AA3CAA7009B4723 /* LaunchScreen.xib in Resources */ = {isa = PBXBuildFile; fileRef = 4F8C2B311AA3CAA7009B4723 /* LaunchScreen.xib */; };
		4F8C2B3F1AA3CAA7009B4723 /* CalculatorInSwiftTests.swift in Sources */ = {isa = PBXBuildFile; fileRef = 4F8C2B3E1AA3CAA7009B4723 /* CalculatorInSwiftTests.swift */; };
/* End PBXBuildFile section */

/* Begin PBXContainerItemProxy section */
		4F8C2B391AA3CAA7009B4723 /* PBXContainerItemProxy */ = {
			isa = PBXContainerItemProxy;
			containerPortal = 4F8C2B1B1AA3CAA7009B4723 /* Project object */;
			proxyType = 1;
			remoteGlobalIDString = 4F8C2B221AA3CAA7009B4723;
			remoteInfo = CalculatorInSwift;
		};
/* End PBXContainerItemProxy section */

/* Begin PBXFileReference section */
		4F8C2B231AA3CAA7009B4723 /* CalculatorInSwift.app */ = {isa = PBXFileReference; explicitFileType = wrapper.application; includeInIndex = 0; path = CalculatorInSwift.app; sourceTree = BUILT_PRODUCTS_DIR; };
		4F8C2B271AA3CAA7009B4723 /* Info.plist */ = {isa = PBXFileReference; lastKnownFileType = text.plist.xml; path = Info.plist; sourceTree = "<group>"; };
		4F8C2B281AA3CAA7009B4723 /* AppDelegate.swift */ = {isa = PBXFileReference; lastKnownFileType = sourcecode.swift; path = AppDelegate.swift; sourceTree = "<group>"; };
		4F8C2B2A1AA3CAA7009B4723 /* ViewController.swift */ = {isa = PBXFileReference; lastKnownFileType = sourcecode.swift; path = ViewController.swift; sourceTree = "<group>"; };
		4F8C2B2D1AA3CAA7009B4723 /* Base */ = {isa = PBXFileReference; lastKnownFileType = file.storyboard; name = Base; path = Base.lproj/Main.storyboard; sourceTree = "<group>"; };
		4F8C2B2F1AA3CAA7009B4723 /* Images.xcassets */ = {isa = PBXFileReference; lastKnownFileType = folder.assetcatalog; path = Images.xcassets; sourceTree = "<group>"; };
		4F8C2B321AA3CAA7009B4723 /* Base */ = {isa = PBXFileReference; lastKnownFileType = file.xib; name = Base; path = Base.lproj/LaunchScreen.xib; sourceTree = "<group>"; };
		4F8C2B381AA3CAA7009B4723 /* CalculatorInSwiftTests.xctest */ = {isa = PBXFileReference; explicitFileType = wrapper.cfbundle; includeInIndex = 0; path = CalculatorInSwiftTests.xctest; sourceTree = BUILT_PRODUCTS_DIR; };
		4F8C2B3D1AA3CAA7009B4723 /* Info.plist */ = {isa = PBXFileReference; lastKnownFileType = text.plist.xml; path = Info.plist; sourceTree = "<group>"; };
		4F8C2B3E1AA3CAA7009B4723 /* CalculatorInSwiftTests.swift */ = {isa = PBXFileReference; lastKnownFileType = sourcecode.swift; path = CalculatorInSwiftTests.swift; sourceTree = "<group>"; };
/* End PBXFileReference section */

/* Begin PBXFrameworksBuildPhase section */
		4F8C2B201AA3CAA7009B4723 /* Frameworks */ = {
			isa = PBXFrameworksBuildPhase;
			buildActionMask = 2147483647;
			files = (
			);
			runOnlyForDeploymentPostprocessing = 0;
		};
		4F8C2B351AA3CAA7009B4723 /* Frameworks */ = {
			isa = PBXFrameworksBuildPhase;
			buildActionMask = 2147483647;
			files = (
			);
			runOnlyForDeploymentPostprocessing = 0;
		};
/* End PBXFrameworksBuildPhase section */

/* Begin PBXGroup section */
		4F8C2B1A1AA3CAA7009B4723 = {
			isa = PBXGroup;
			children = (
				4F8C2B251AA3CAA7009B4723 /* CalculatorInSwift */,
				4F8C2B3B1AA3CAA7009B4723 /* CalculatorInSwiftTests */,
				4F8C2B241AA3CAA7009B4723 /* Products */,
			);
			sourceTree = "<group>";
		};
		4F8C2B241AA3CAA7009B4723 /* Products */ = {
			isa = PBXGroup;
			children = (
				4F8C2B231AA3CAA7009B4723 /* CalculatorInSwift.app */,
				4F8C2B381AA3CAA7009B4723 /* CalculatorInSwiftTests.xctest */,
			);
			name = Products;
			sourceTree = "<group>";
		};
		4F8C2B251AA3CAA7009B4723 /* CalculatorInSwift */ = {
			isa = PBXGroup;
			children = (
				4F8C2B2A1AA3CAA7009B4723 /* ViewController.swift */,
				4F8C2B2C1AA3CAA7009B4723 /* Main.storyboard */,
				4F8C2B261AA3CAA7009B4723 /* Supporting Files */,
			);
			path = CalculatorInSwift;
			sourceTree = "<group>";
		};
		4F8C2B261AA3CAA7009B4723 /* Supporting Files */ = {
			isa = PBXGroup;
			children = (
				4F8C2B281AA3CAA7009B4723 /* AppDelegate.swift */,
				4F8C2B2F1AA3CAA7009B4723 /* Images.xcassets */,
				4F8C2B311AA3CAA7009B4723 /* LaunchScreen.xib */,
				4F8C2B271AA3CAA7009B4723 /* Info.plist */,
			);
			name = "Supporting Files";
			sourceTree = "<group>";
		};
		4F8C2B3B1AA3CAA7009B4723 /* CalculatorInSwiftTests */ = {
			isa = PBXGroup;
			children = (
				4F8C2B3E1AA3CAA7009B4723 /* CalculatorInSwiftTests.swift */,
				4F8C2B3C1AA3CAA7009B4723 /* Supporting Files */,
			);
			path = CalculatorInSwiftTests;
			sourceTree = "<group>";
		};
		4F8C2B3C1AA3CAA7009B4723 /* Supporting Files */ = {
			isa = PBXGroup;
			children = (
				4F8C2B3D1AA3CAA7009B4723 /* Info.plist */,
			);
			name = "Supporting Files";
			sourceTree = "<group>";
		};
/* End PBXGroup section */

/* Begin PBXNativeTarget section */
		4F8C2B221AA3CAA7009B4723 /* CalculatorInSwift */ = {
			isa = PBXNativeTarget;
			buildConfigurationList = 4F8C2B421AA3CAA7009B4723 /* Build configuration list for PBXNativeTarget "CalculatorInSwift" */;
			buildPhases = (
				4F8C2B1F1AA3CAA7009B4723 /* Sources */,
				4F8C2B201AA3CAA7009B4723 /* Frameworks */,
				4F8C2B211AA3CAA7009B4723 /* Resources */,
			);
			buildRules = (
			);
			dependencies = (
			);
			name = CalculatorInSwift;
			productName = CalculatorInSwift;
			productReference = 4F8C2B231AA3CAA7009B4723 /* CalculatorInSwift.app */;
			productType = "com.apple.product-type.application";
		};
		4F8C2B371AA3CAA7009B4723 /* CalculatorInSwiftTests */ = {
			isa = PBXNativeTarget;
			buildConfigurationList = 4F8C2B451AA3CAA7009B4723 /* Build configuration list for PBXNativeTarget "CalculatorInSwiftTests" */;
			buildPhases = (
				4F8C2B341AA3CAA7009B4723 /* Sources */,
				4F8C2B351AA3CAA7009B4723 /* Frameworks */,
				4F8C2B361AA3CAA7009B4723 /* Resources */,
			);
			buildRules = (
			);
			dependencies = (
				4F8C2B3A1AA3CAA7009B4723 /* PBXTargetDependency */,
			);
			name = CalculatorInSwiftTests;
			productName = CalculatorInSwiftTests;
			productReference = 4F8C2B381AA3CAA7009B4723 /* CalculatorInSwiftTests.xctest */;
			productType = "com.apple.product-type.bundle.unit-test";
		};
/* End PBXNativeTarget section */

/* Begin PBXProject section */
		4F8C2B1B1AA3CAA7009B4723 /* Project object */ = {
			isa = PBXProject;
			attributes = {
				LastUpgradeCheck = 0610;
				ORGANIZATIONNAME = "Alek Festekjian";
				TargetAttributes = {
					4F8C2B221AA3CAA7009B4723 = {
						CreatedOnToolsVersion = 6.1.1;
						DevelopmentTeam = 2NHY39K7HA;
					};
					4F8C2B371AA3CAA7009B4723 = {
						CreatedOnToolsVersion = 6.1.1;
						TestTargetID = 4F8C2B221AA3CAA7009B4723;
					};
				};
			};
			buildConfigurationList = 4F8C2B1E1AA3CAA7009B4723 /* Build configuration list for PBXProject "CalculatorInSwift" */;
			compatibilityVersion = "Xcode 3.2";
			developmentRegion = English;
			hasScannedForEncodings = 0;
			knownRegions = (
				en,
				Base,
			);
			mainGroup = 4F8C2B1A1AA3CAA7009B4723;
			productRefGroup = 4F8C2B241AA3CAA7009B4723 /* Products */;
			projectDirPath = "";
			projectRoot = "";
			targets = (
				4F8C2B221AA3CAA7009B4723 /* CalculatorInSwift */,
				4F8C2B371AA3CAA7009B4723 /* CalculatorInSwiftTests */,
			);
		};
/* End PBXProject section */

/* Begin PBXResourcesBuildPhase section */
		4F8C2B211AA3CAA7009B4723 /* Resources */ = {
			isa = PBXResourcesBuildPhase;
			buildActionMask = 2147483647;
			files = (
				4F8C2B2E1AA3CAA7009B4723 /* Main.storyboard in Resources */,
				4F8C2B331AA3CAA7009B4723 /* LaunchScreen.xib in Resources */,
				4F8C2B301AA3CAA7009B4723 /* Images.xcassets in Resources */,
			);
			runOnlyForDeploymentPostprocessing = 0;
		};
		4F8C2B361AA3CAA7009B4723 /* Resources */ = {
			isa = PBXResourcesBuildPhase;
			buildActionMask = 2147483647;
			files = (
			);
			runOnlyForDeploymentPostprocessing = 0;
		};
/* End PBXResourcesBuildPhase section */

/* Begin PBXSourcesBuildPhase section */
		4F8C2B1F1AA3CAA7009B4723 /* Sources */ = {
			isa = PBXSourcesBuildPhase;
			buildActionMask = 2147483647;
			files = (
				4F8C2B2B1AA3CAA7009B4723 /* ViewController.swift in Sources */,
				4F8C2B291AA3CAA7009B4723 /* AppDelegate.swift in Sources */,
			);
			runOnlyForDeploymentPostprocessing = 0;
		};
		4F8C2B341AA3CAA7009B4723 /* Sources */ = {
			isa = PBXSourcesBuildPhase;
			buildActionMask = 2147483647;
			files = (
				4F8C2B3F1AA3CAA7009B4723 /* CalculatorInSwiftTests.swift in Sources */,
			);
			runOnlyForDeploymentPostprocessing = 0;
		};
/* End PBXSourcesBuildPhase section */

/* Begin PBXTargetDependency section */
		4F8C2B3A1AA3CAA7009B4723 /* PBXTargetDependency */ = {
			isa = PBXTargetDependency;
			target = 4F8C2B221AA3CAA7009B4723 /* CalculatorInSwift */;
			targetProxy = 4F8C2B391AA3CAA7009B4723 /* PBXContainerItemProxy */;
		};
/* End PBXTargetDependency section */

/* Begin PBXVariantGroup section */
		4F8C2B2C1AA3CAA7009B4723 /* Main.storyboard */ = {
			isa = PBXVariantGroup;
			children = (
				4F8C2B2D1AA3CAA7009B4723 /* Base */,
			);
			name = Main.storyboard;
			sourceTree = "<group>";
		};
		4F8C2B311AA3CAA7009B4723 /* LaunchScreen.xib */ = {
			isa = PBXVariantGroup;
			children = (
				4F8C2B321AA3CAA7009B4723 /* Base */,
			);
			name = LaunchScreen.xib;
			sourceTree = "<group>";
		};
/* End PBXVariantGroup section */

/* Begin XCBuildConfiguration section */
		4F8C2B401AA3CAA7009B4723 /* Debug */ = {
			isa = XCBuildConfiguration;
			buildSettings = {
				ALWAYS_SEARCH_USER_PATHS = NO;
				CLANG_CXX_LANGUAGE_STANDARD = "gnu++0x";
				CLANG_CXX_LIBRARY = "libc++";
				CLANG_ENABLE_MODULES = YES;
				CLANG_ENABLE_OBJC_ARC = YES;
				CLANG_WARN_BOOL_CONVERSION = YES;
				CLANG_WARN_CONSTANT_CONVERSION = YES;
				CLANG_WARN_DIRECT_OBJC_ISA_USAGE = YES_ERROR;
				CLANG_WARN_EMPTY_BODY = YES;
				CLANG_WARN_ENUM_CONVERSION = YES;
				CLANG_WARN_INT_CONVERSION = YES;
				CLANG_WARN_OBJC_ROOT_CLASS = YES_ERROR;
				CLANG_WARN_UNREACHABLE_CODE = YES;
				CLANG_WARN__DUPLICATE_METHOD_MATCH = YES;
				"CODE_SIGN_IDENTITY[sdk=iphoneos*]" = "iPhone Developer";
				COPY_PHASE_STRIP = NO;
				ENABLE_STRICT_OBJC_MSGSEND = YES;
				GCC_C_LANGUAGE_STANDARD = gnu99;
				GCC_DYNAMIC_NO_PIC = NO;
				GCC_OPTIMIZATION_LEVEL = 0;
				GCC_PREPROCESSOR_DEFINITIONS = (
					"DEBUG=1",
					"$(inherited)",
				);
				GCC_SYMBOLS_PRIVATE_EXTERN = NO;
				GCC_WARN_64_TO_32_BIT_CONVERSION = YES;
				GCC_WARN_ABOUT_RETURN_TYPE = YES_ERROR;
				GCC_WARN_UNDECLARED_SELECTOR = YES;
				GCC_WARN_UNINITIALIZED_AUTOS = YES_AGGRESSIVE;
				GCC_WARN_UNUSED_FUNCTION = YES;
				GCC_WARN_UNUSED_VARIABLE = YES;
				IPHONEOS_DEPLOYMENT_TARGET = 8.1;
				MTL_ENABLE_DEBUG_INFO = YES;
				ONLY_ACTIVE_ARCH = YES;
				SDKROOT = iphoneos;
				SWIFT_OPTIMIZATION_LEVEL = "-Onone";
				TARGETED_DEVICE_FAMILY = "1,2";
			};
			name = Debug;
		};
		4F8C2B411AA3CAA7009B4723 /* Release */ = {
			isa = XCBuildConfiguration;
			buildSettings = {
				ALWAYS_SEARCH_USER_PATHS = NO;
				CLANG_CXX_LANGUAGE_STANDARD = "gnu++0x";
				CLANG_CXX_LIBRARY = "libc++";
				CLANG_ENABLE_MODULES = YES;
				CLANG_ENABLE_OBJC_ARC = YES;
				CLANG_WARN_BOOL_CONVERSION = YES;
				CLANG_WARN_CONSTANT_CONVERSION = YES;
				CLANG_WARN_DIRECT_OBJC_ISA_USAGE = YES_ERROR;
				CLANG_WARN_EMPTY_BODY = YES;
				CLANG_WARN_ENUM_CONVERSION = YES;
				CLANG_WARN_INT_CONVERSION = YES;
				CLANG_WARN_OBJC_ROOT_CLASS = YES_ERROR;
				CLANG_WARN_UNREACHABLE_CODE = YES;
				CLANG_WARN__DUPLICATE_METHOD_MATCH = YES;
				"CODE_SIGN_IDENTITY[sdk=iphoneos*]" = "iPhone Developer";
				COPY_PHASE_STRIP = YES;
				ENABLE_NS_ASSERTIONS = NO;
				ENABLE_STRICT_OBJC_MSGSEND = YES;
				GCC_C_LANGUAGE_STANDARD = gnu99;
				GCC_WARN_64_TO_32_BIT_CONVERSION = YES;
				GCC_WARN_ABOUT_RETURN_TYPE = YES_ERROR;
				GCC_WARN_UNDECLARED_SELECTOR = YES;
				GCC_WARN_UNINITIALIZED_AUTOS = YES_AGGRESSIVE;
				GCC_WARN_UNUSED_FUNCTION = YES;
				GCC_WARN_UNUSED_VARIABLE = YES;
				IPHONEOS_DEPLOYMENT_TARGET = 8.1;
				MTL_ENABLE_DEBUG_INFO = NO;
				SDKROOT = iphoneos;
				TARGETED_DEVICE_FAMILY = "1,2";
				VALIDATE_PRODUCT = YES;
			};
			name = Release;
		};
		4F8C2B431AA3CAA7009B4723 /* Debug */ = {
			isa = XCBuildConfiguration;
			buildSettings = {
				ASSETCATALOG_COMPILER_APPICON_NAME = AppIcon;
				CODE_SIGN_IDENTITY = "iPhone Developer";
				"CODE_SIGN_IDENTITY[sdk=iphoneos*]" = "iPhone Developer";
				INFOPLIST_FILE = CalculatorInSwift/Info.plist;
				LD_RUNPATH_SEARCH_PATHS = "$(inherited) @executable_path/Frameworks";
				PRODUCT_NAME = "$(TARGET_NAME)";
				PROVISIONING_PROFILE = "";
				TARGETED_DEVICE_FAMILY = "1,2";
			};
			name = Debug;
		};
		4F8C2B441AA3CAA7009B4723 /* Release */ = {
			isa = XCBuildConfiguration;
			buildSettings = {
				ASSETCATALOG_COMPILER_APPICON_NAME = AppIcon;
				CODE_SIGN_IDENTITY = "iPhone Developer";
				"CODE_SIGN_IDENTITY[sdk=iphoneos*]" = "iPhone Developer";
				INFOPLIST_FILE = CalculatorInSwift/Info.plist;
				LD_RUNPATH_SEARCH_PATHS = "$(inherited) @executable_path/Frameworks";
				PRODUCT_NAME = "$(TARGET_NAME)";
				PROVISIONING_PROFILE = "";
				TARGETED_DEVICE_FAMILY = "1,2";
			};
			name = Release;
		};
		4F8C2B461AA3CAA7009B4723 /* Debug */ = {
			isa = XCBuildConfiguration;
			buildSettings = {
				BUNDLE_LOADER = "$(TEST_HOST)";
				FRAMEWORK_SEARCH_PATHS = (
					"$(SDKROOT)/Developer/Library/Frameworks",
					"$(inherited)",
				);
				GCC_PREPROCESSOR_DEFINITIONS = (
					"DEBUG=1",
					"$(inherited)",
				);
				INFOPLIST_FILE = CalculatorInSwiftTests/Info.plist;
				LD_RUNPATH_SEARCH_PATHS = "$(inherited) @executable_path/Frameworks @loader_path/Frameworks";
				PRODUCT_NAME = "$(TARGET_NAME)";
				TEST_HOST = "$(BUILT_PRODUCTS_DIR)/CalculatorInSwift.app/CalculatorInSwift";
			};
			name = Debug;
		};
		4F8C2B471AA3CAA7009B4723 /* Release */ = {
			isa = XCBuildConfiguration;
			buildSettings = {
				BUNDLE_LOADER = "$(TEST_HOST)";
				FRAMEWORK_SEARCH_PATHS = (
					"$(SDKROOT)/Developer/Library/Frameworks",
					"$(inherited)",
				);
				INFOPLIST_FILE = CalculatorInSwiftTests/Info.plist;
				LD_RUNPATH_SEARCH_PATHS = "$(inherited) @executable_path/Frameworks @loader_path/Frameworks";
				PRODUCT_NAME = "$(TARGET_NAME)";
				TEST_HOST = "$(BUILT_PRODUCTS_DIR)/CalculatorInSwift.app/CalculatorInSwift";
			};
			name = Release;
		};
/* End XCBuildConfiguration section */

/* Begin XCConfigurationList section */
		4F8C2B1E1AA3CAA7009B4723 /* Build configuration list for PBXProject "CalculatorInSwift" */ = {
			isa = XCConfigurationList;
			buildConfigurations = (
				4F8C2B401AA3CAA7009B4723 /* Debug */,
				4F8C2B411AA3CAA7009B4723 /* Release */,
			);
			defaultConfigurationIsVisible = 0;
			defaultConfigurationName = Release;
		};
		4F8C2B421AA3CAA7009B4723 /* Build configuration list for PBXNativeTarget "CalculatorInSwift" */ = {
			isa = XCConfigurationList;
			buildConfigurations = (
				4F8C2B431AA3CAA7009B4723 /* Debug */,
				4F8C2B441AA3CAA7009B4723 /* Release */,
			);
			defaultConfigurationIsVisible = 0;
			defaultConfigurationName = Release;
		};
		4F8C2B451AA3CAA7009B4723 /* Build configuration list for PBXNativeTarget "CalculatorInSwiftTests" */ = {
			isa = XCConfigurationList;
			buildConfigurations = (
				4F8C2B461AA3CAA7009B4723 /* Debug */,
				4F8C2B471AA3CAA7009B4723 /* Release */,
			);
			defaultConfigurationIsVisible = 0;
			defaultConfigurationName = Release;
		};
/* End XCConfigurationList section */
	};
	rootObject = 4F8C2B1B1AA3CAA7009B4723 /* Project object */;
}
